
Microsoft Visual Studio Solution File, Format Version 12.00
# Visual Studio Version 17
VisualStudioVersion = 17.0.31611.283
MinimumVisualStudioVersion = 10.0.40219.1
Project("{2150E333-8FDC-42A3-9474-1A3956D46DE8}") = "Application", "Application", "{73E8106E-8FEC-4D9A-A848-6A81A97DAC60}"
EndProject
Project("{2150E333-8FDC-42A3-9474-1A3956D46DE8}") = "Infrastructure", "Infrastructure", "{F4491022-1FDB-49BF-8808-15F84B71EDC4}"
EndProject
Project("{2150E333-8FDC-42A3-9474-1A3956D46DE8}") = "Domain", "Domain", "{275A49BA-88C4-404B-8BA0-48D7AC3C37DD}"
EndProject
Project("{2150E333-8FDC-42A3-9474-1A3956D46DE8}") = "src", "src", "{4C190887-7509-47B3-A81E-DD7929643584}"
EndProject
Project("{2150E333-8FDC-42A3-9474-1A3956D46DE8}") = "Presentation", "Presentation", "{31E0E48D-378F-4CC0-AF15-4BDCB8D921F6}"
EndProject
Project("{9A19103F-16F7-4668-BE54-9A1E7A4F7556}") = "BMT.Domain", "BMT.Domain\BMT.Domain.csproj", "{B93230AC-6ACB-4C59-8CAE-0D299A2D392D}"
EndProject
Project("{9A19103F-16F7-4668-BE54-9A1E7A4F7556}") = "BMT.Application", "BMT.Application\BMT.Application.csproj", "{0E9318C9-6603-44AF-967A-22AC2CB14227}"
EndProject
Project("{9A19103F-16F7-4668-BE54-9A1E7A4F7556}") = "BMT.Infrastructure", "BMT.Infrastructure\BMT.Infrastructure.csproj", "{7CD2B634-C650-46E3-A51E-63DCC0E28EF7}"
EndProject
Project("{FAE04EC0-301F-11D3-BF4B-00C04F79EFBC}") = "BMT.API", "BMT.API\BMT.API.csproj", "{BAF5B341-862E-468F-BDFC-16C41914FF1B}"
EndProject
Global
	GlobalSection(SolutionConfigurationPlatforms) = preSolution
		Debug|Any CPU = Debug|Any CPU
		Release|Any CPU = Release|Any CPU
	EndGlobalSection
	GlobalSection(ProjectConfigurationPlatforms) = postSolution
		{B93230AC-6ACB-4C59-8CAE-0D299A2D392D}.Debug|Any CPU.ActiveCfg = Debug|Any CPU
		{B93230AC-6ACB-4C59-8CAE-0D299A2D392D}.Debug|Any CPU.Build.0 = Debug|Any CPU
		{B93230AC-6ACB-4C59-8CAE-0D299A2D392D}.Release|Any CPU.ActiveCfg = Release|Any CPU
		{B93230AC-6ACB-4C59-8CAE-0D299A2D392D}.Release|Any CPU.Build.0 = Release|Any CPU
		{0E9318C9-6603-44AF-967A-22AC2CB14227}.Debug|Any CPU.ActiveCfg = Debug|Any CPU
		{0E9318C9-6603-44AF-967A-22AC2CB14227}.Debug|Any CPU.Build.0 = Debug|Any CPU
		{0E9318C9-6603-44AF-967A-22AC2CB14227}.Release|Any CPU.ActiveCfg = Release|Any CPU
		{0E9318C9-6603-44AF-967A-22AC2CB14227}.Release|Any CPU.Build.0 = Release|Any CPU
		{7CD2B634-C650-46E3-A51E-63DCC0E28EF7}.Debug|Any CPU.ActiveCfg = Debug|Any CPU
		{7CD2B634-C650-46E3-A51E-63DCC0E28EF7}.Debug|Any CPU.Build.0 = Debug|Any CPU
		{7CD2B634-C650-46E3-A51E-63DCC0E28EF7}.Release|Any CPU.ActiveCfg = Release|Any CPU
		{7CD2B634-C650-46E3-A51E-63DCC0E28EF7}.Release|Any CPU.Build.0 = Release|Any CPU
		{BAF5B341-862E-468F-BDFC-16C41914FF1B}.Debug|Any CPU.ActiveCfg = Debug|Any CPU
		{BAF5B341-862E-468F-BDFC-16C41914FF1B}.Debug|Any CPU.Build.0 = Debug|Any CPU
		{BAF5B341-862E-468F-BDFC-16C41914FF1B}.Release|Any CPU.ActiveCfg = Release|Any CPU
		{BAF5B341-862E-468F-BDFC-16C41914FF1B}.Release|Any CPU.Build.0 = Release|Any CPU
	EndGlobalSection
	GlobalSection(SolutionProperties) = preSolution
		HideSolutionNode = FALSE
	EndGlobalSection
	GlobalSection(NestedProjects) = preSolution
		{73E8106E-8FEC-4D9A-A848-6A81A97DAC60} = {4C190887-7509-47B3-A81E-DD7929643584}
		{F4491022-1FDB-49BF-8808-15F84B71EDC4} = {4C190887-7509-47B3-A81E-DD7929643584}
		{275A49BA-88C4-404B-8BA0-48D7AC3C37DD} = {4C190887-7509-47B3-A81E-DD7929643584}
		{31E0E48D-378F-4CC0-AF15-4BDCB8D921F6} = {4C190887-7509-47B3-A81E-DD7929643584}
		{B93230AC-6ACB-4C59-8CAE-0D299A2D392D} = {275A49BA-88C4-404B-8BA0-48D7AC3C37DD}
		{0E9318C9-6603-44AF-967A-22AC2CB14227} = {73E8106E-8FEC-4D9A-A848-6A81A97DAC60}
		{7CD2B634-C650-46E3-A51E-63DCC0E28EF7} = {F4491022-1FDB-49BF-8808-15F84B71EDC4}
		{BAF5B341-862E-468F-BDFC-16C41914FF1B} = {31E0E48D-378F-4CC0-AF15-4BDCB8D921F6}
	EndGlobalSection
	GlobalSection(ExtensibilityGlobals) = postSolution
		SolutionGuid = {61F7FB11-1E47-470C-91E2-47F8143E1572}
	EndGlobalSection
EndGlobal
